
Microsoft Visual Studio Solution File, Format Version 12.00
# Visual Studio Version 16
VisualStudioVersion = 16.0.29905.134
MinimumVisualStudioVersion = 10.0.40219.1
Project("{FAE04EC0-301F-11D3-BF4B-00C04F79EFBC}") = "RecompildPOS.Android", "RecompildPOS.Android\RecompildPOS.Android.csproj", "{55DE105B-E573-403A-A9FC-A4DD3BE3FB4E}"
EndProject
Project("{9A19103F-16F7-4668-BE54-9A1E7A4F7556}") = "RecompildPOS", "RecompildPOS\RecompildPOS.csproj", "{B7582D05-8405-4B12-AB58-1BAE9444AFF4}"
EndProject
Project("{9A19103F-16F7-4668-BE54-9A1E7A4F7556}") = "RecompildPOS.Database", "..\RecompildPOS.Database\RecompildPOS.Database.csproj", "{60EA68BA-BCAB-40B0-92DA-35C45CA5DE0B}"
EndProject
Project("{9A19103F-16F7-4668-BE54-9A1E7A4F7556}") = "RecompildPOS.Models", "..\RecompildPOS.Models\RecompildPOS.Models.csproj", "{CECD5854-D909-43B0-91FF-2A474DF8BB8A}"
EndProject
Project("{9A19103F-16F7-4668-BE54-9A1E7A4F7556}") = "RecompildPOS.Services", "..\RecompildPOS.Services\RecompildPOS.Services.csproj", "{1D8544F8-5955-46C5-BED5-1C3C9520A4D8}"
EndProject
Project("{FAE04EC0-301F-11D3-BF4B-00C04F79EFBC}") = "RecompildPOS.iOS", "RecompildPOS.iOS\RecompildPOS.iOS.csproj", "{66ECFCBF-4973-450C-8FA5-97E65AF3DD28}"
EndProject
Project("{FAE04EC0-301F-11D3-BF4B-00C04F79EFBC}") = "RecompildPOS.UWP", "RecompildPOS.UWP\RecompildPOS.UWP.csproj", "{329542CE-B99F-4E76-B72D-8B2D0472633A}"
EndProject
Global
	GlobalSection(SolutionConfigurationPlatforms) = preSolution
		Debug|Any CPU = Debug|Any CPU
		Debug|ARM = Debug|ARM
		Debug|iPhone = Debug|iPhone
		Debug|iPhoneSimulator = Debug|iPhoneSimulator
		Debug|x64 = Debug|x64
		Debug|x86 = Debug|x86
		Release|Any CPU = Release|Any CPU
		Release|ARM = Release|ARM
		Release|iPhone = Release|iPhone
		Release|iPhoneSimulator = Release|iPhoneSimulator
		Release|x64 = Release|x64
		Release|x86 = Release|x86
	EndGlobalSection
	GlobalSection(ProjectConfigurationPlatforms) = postSolution
		{55DE105B-E573-403A-A9FC-A4DD3BE3FB4E}.Debug|Any CPU.ActiveCfg = Debug|Any CPU
		{55DE105B-E573-403A-A9FC-A4DD3BE3FB4E}.Debug|Any CPU.Build.0 = Debug|Any CPU
		{55DE105B-E573-403A-A9FC-A4DD3BE3FB4E}.Debug|Any CPU.Deploy.0 = Debug|Any CPU
		{55DE105B-E573-403A-A9FC-A4DD3BE3FB4E}.Debug|ARM.ActiveCfg = Debug|Any CPU
		{55DE105B-E573-403A-A9FC-A4DD3BE3FB4E}.Debug|ARM.Build.0 = Debug|Any CPU
		{55DE105B-E573-403A-A9FC-A4DD3BE3FB4E}.Debug|ARM.Deploy.0 = Debug|Any CPU
		{55DE105B-E573-403A-A9FC-A4DD3BE3FB4E}.Debug|iPhone.ActiveCfg = Debug|Any CPU
		{55DE105B-E573-403A-A9FC-A4DD3BE3FB4E}.Debug|iPhone.Build.0 = Debug|Any CPU
		{55DE105B-E573-403A-A9FC-A4DD3BE3FB4E}.Debug|iPhone.Deploy.0 = Debug|Any CPU
		{55DE105B-E573-403A-A9FC-A4DD3BE3FB4E}.Debug|iPhoneSimulator.ActiveCfg = Debug|Any CPU
		{55DE105B-E573-403A-A9FC-A4DD3BE3FB4E}.Debug|iPhoneSimulator.Build.0 = Debug|Any CPU
		{55DE105B-E573-403A-A9FC-A4DD3BE3FB4E}.Debug|iPhoneSimulator.Deploy.0 = Debug|Any CPU
		{55DE105B-E573-403A-A9FC-A4DD3BE3FB4E}.Debug|x64.ActiveCfg = Debug|Any CPU
		{55DE105B-E573-403A-A9FC-A4DD3BE3FB4E}.Debug|x64.Build.0 = Debug|Any CPU
		{55DE105B-E573-403A-A9FC-A4DD3BE3FB4E}.Debug|x64.Deploy.0 = Debug|Any CPU
		{55DE105B-E573-403A-A9FC-A4DD3BE3FB4E}.Debug|x86.ActiveCfg = Debug|Any CPU
		{55DE105B-E573-403A-A9FC-A4DD3BE3FB4E}.Debug|x86.Build.0 = Debug|Any CPU
		{55DE105B-E573-403A-A9FC-A4DD3BE3FB4E}.Debug|x86.Deploy.0 = Debug|Any CPU
		{55DE105B-E573-403A-A9FC-A4DD3BE3FB4E}.Release|Any CPU.ActiveCfg = Release|Any CPU
		{55DE105B-E573-403A-A9FC-A4DD3BE3FB4E}.Release|Any CPU.Build.0 = Release|Any CPU
		{55DE105B-E573-403A-A9FC-A4DD3BE3FB4E}.Release|Any CPU.Deploy.0 = Release|Any CPU
		{55DE105B-E573-403A-A9FC-A4DD3BE3FB4E}.Release|ARM.ActiveCfg = Release|Any CPU
		{55DE105B-E573-403A-A9FC-A4DD3BE3FB4E}.Release|ARM.Build.0 = Release|Any CPU
		{55DE105B-E573-403A-A9FC-A4DD3BE3FB4E}.Release|ARM.Deploy.0 = Release|Any CPU
		{55DE105B-E573-403A-A9FC-A4DD3BE3FB4E}.Release|iPhone.ActiveCfg = Release|Any CPU
		{55DE105B-E573-403A-A9FC-A4DD3BE3FB4E}.Release|iPhone.Build.0 = Release|Any CPU
		{55DE105B-E573-403A-A9FC-A4DD3BE3FB4E}.Release|iPhone.Deploy.0 = Release|Any CPU
		{55DE105B-E573-403A-A9FC-A4DD3BE3FB4E}.Release|iPhoneSimulator.ActiveCfg = Release|Any CPU
		{55DE105B-E573-403A-A9FC-A4DD3BE3FB4E}.Release|iPhoneSimulator.Build.0 = Release|Any CPU
		{55DE105B-E573-403A-A9FC-A4DD3BE3FB4E}.Release|iPhoneSimulator.Deploy.0 = Release|Any CPU
		{55DE105B-E573-403A-A9FC-A4DD3BE3FB4E}.Release|x64.ActiveCfg = Release|Any CPU
		{55DE105B-E573-403A-A9FC-A4DD3BE3FB4E}.Release|x64.Build.0 = Release|Any CPU
		{55DE105B-E573-403A-A9FC-A4DD3BE3FB4E}.Release|x64.Deploy.0 = Release|Any CPU
		{55DE105B-E573-403A-A9FC-A4DD3BE3FB4E}.Release|x86.ActiveCfg = Release|Any CPU
		{55DE105B-E573-403A-A9FC-A4DD3BE3FB4E}.Release|x86.Build.0 = Release|Any CPU
		{55DE105B-E573-403A-A9FC-A4DD3BE3FB4E}.Release|x86.Deploy.0 = Release|Any CPU
		{B7582D05-8405-4B12-AB58-1BAE9444AFF4}.Debug|Any CPU.ActiveCfg = Debug|Any CPU
		{B7582D05-8405-4B12-AB58-1BAE9444AFF4}.Debug|Any CPU.Build.0 = Debug|Any CPU
		{B7582D05-8405-4B12-AB58-1BAE9444AFF4}.Debug|Any CPU.Deploy.0 = Debug|Any CPU
		{B7582D05-8405-4B12-AB58-1BAE9444AFF4}.Debug|ARM.ActiveCfg = Debug|Any CPU
		{B7582D05-8405-4B12-AB58-1BAE9444AFF4}.Debug|ARM.Build.0 = Debug|Any CPU
		{B7582D05-8405-4B12-AB58-1BAE9444AFF4}.Debug|iPhone.ActiveCfg = Debug|Any CPU
		{B7582D05-8405-4B12-AB58-1BAE9444AFF4}.Debug|iPhone.Build.0 = Debug|Any CPU
		{B7582D05-8405-4B12-AB58-1BAE9444AFF4}.Debug|iPhoneSimulator.ActiveCfg = Debug|Any CPU
		{B7582D05-8405-4B12-AB58-1BAE9444AFF4}.Debug|iPhoneSimulator.Build.0 = Debug|Any CPU
		{B7582D05-8405-4B12-AB58-1BAE9444AFF4}.Debug|x64.ActiveCfg = Debug|Any CPU
		{B7582D05-8405-4B12-AB58-1BAE9444AFF4}.Debug|x64.Build.0 = Debug|Any CPU
		{B7582D05-8405-4B12-AB58-1BAE9444AFF4}.Debug|x86.ActiveCfg = Debug|Any CPU
		{B7582D05-8405-4B12-AB58-1BAE9444AFF4}.Debug|x86.Build.0 = Debug|Any CPU
		{B7582D05-8405-4B12-AB58-1BAE9444AFF4}.Release|Any CPU.ActiveCfg = Release|Any CPU
		{B7582D05-8405-4B12-AB58-1BAE9444AFF4}.Release|Any CPU.Build.0 = Release|Any CPU
		{B7582D05-8405-4B12-AB58-1BAE9444AFF4}.Release|Any CPU.Deploy.0 = Release|Any CPU
		{B7582D05-8405-4B12-AB58-1BAE9444AFF4}.Release|ARM.ActiveCfg = Release|Any CPU
		{B7582D05-8405-4B12-AB58-1BAE9444AFF4}.Release|ARM.Build.0 = Release|Any CPU
		{B7582D05-8405-4B12-AB58-1BAE9444AFF4}.Release|iPhone.ActiveCfg = Release|Any CPU
		{B7582D05-8405-4B12-AB58-1BAE9444AFF4}.Release|iPhone.Build.0 = Release|Any CPU
		{B7582D05-8405-4B12-AB58-1BAE9444AFF4}.Release|iPhoneSimulator.ActiveCfg = Release|Any CPU
		{B7582D05-8405-4B12-AB58-1BAE9444AFF4}.Release|iPhoneSimulator.Build.0 = Release|Any CPU
		{B7582D05-8405-4B12-AB58-1BAE9444AFF4}.Release|x64.ActiveCfg = Release|Any CPU
		{B7582D05-8405-4B12-AB58-1BAE9444AFF4}.Release|x64.Build.0 = Release|Any CPU
		{B7582D05-8405-4B12-AB58-1BAE9444AFF4}.Release|x86.ActiveCfg = Release|Any CPU
		{B7582D05-8405-4B12-AB58-1BAE9444AFF4}.Release|x86.Build.0 = Release|Any CPU
		{60EA68BA-BCAB-40B0-92DA-35C45CA5DE0B}.Debug|Any CPU.ActiveCfg = Debug|Any CPU
		{60EA68BA-BCAB-40B0-92DA-35C45CA5DE0B}.Debug|Any CPU.Build.0 = Debug|Any CPU
		{60EA68BA-BCAB-40B0-92DA-35C45CA5DE0B}.Debug|ARM.ActiveCfg = Debug|Any CPU
		{60EA68BA-BCAB-40B0-92DA-35C45CA5DE0B}.Debug|ARM.Build.0 = Debug|Any CPU
		{60EA68BA-BCAB-40B0-92DA-35C45CA5DE0B}.Debug|iPhone.ActiveCfg = Debug|Any CPU
		{60EA68BA-BCAB-40B0-92DA-35C45CA5DE0B}.Debug|iPhone.Build.0 = Debug|Any CPU
		{60EA68BA-BCAB-40B0-92DA-35C45CA5DE0B}.Debug|iPhoneSimulator.ActiveCfg = Debug|Any CPU
		{60EA68BA-BCAB-40B0-92DA-35C45CA5DE0B}.Debug|iPhoneSimulator.Build.0 = Debug|Any CPU
		{60EA68BA-BCAB-40B0-92DA-35C45CA5DE0B}.Debug|x64.ActiveCfg = Debug|Any CPU
		{60EA68BA-BCAB-40B0-92DA-35C45CA5DE0B}.Debug|x64.Build.0 = Debug|Any CPU
		{60EA68BA-BCAB-40B0-92DA-35C45CA5DE0B}.Debug|x86.ActiveCfg = Debug|Any CPU
		{60EA68BA-BCAB-40B0-92DA-35C45CA5DE0B}.Debug|x86.Build.0 = Debug|Any CPU
		{60EA68BA-BCAB-40B0-92DA-35C45CA5DE0B}.Release|Any CPU.ActiveCfg = Release|Any CPU
		{60EA68BA-BCAB-40B0-92DA-35C45CA5DE0B}.Release|Any CPU.Build.0 = Release|Any CPU
		{60EA68BA-BCAB-40B0-92DA-35C45CA5DE0B}.Release|ARM.ActiveCfg = Release|Any CPU
		{60EA68BA-BCAB-40B0-92DA-35C45CA5DE0B}.Release|ARM.Build.0 = Release|Any CPU
		{60EA68BA-BCAB-40B0-92DA-35C45CA5DE0B}.Release|iPhone.ActiveCfg = Release|Any CPU
		{60EA68BA-BCAB-40B0-92DA-35C45CA5DE0B}.Release|iPhone.Build.0 = Release|Any CPU
		{60EA68BA-BCAB-40B0-92DA-35C45CA5DE0B}.Release|iPhoneSimulator.ActiveCfg = Release|Any CPU
		{60EA68BA-BCAB-40B0-92DA-35C45CA5DE0B}.Release|iPhoneSimulator.Build.0 = Release|Any CPU
		{60EA68BA-BCAB-40B0-92DA-35C45CA5DE0B}.Release|x64.ActiveCfg = Release|Any CPU
		{60EA68BA-BCAB-40B0-92DA-35C45CA5DE0B}.Release|x64.Build.0 = Release|Any CPU
		{60EA68BA-BCAB-40B0-92DA-35C45CA5DE0B}.Release|x86.ActiveCfg = Release|Any CPU
		{60EA68BA-BCAB-40B0-92DA-35C45CA5DE0B}.Release|x86.Build.0 = Release|Any CPU
		{CECD5854-D909-43B0-91FF-2A474DF8BB8A}.Debug|Any CPU.ActiveCfg = Debug|Any CPU
		{CECD5854-D909-43B0-91FF-2A474DF8BB8A}.Debug|Any CPU.Build.0 = Debug|Any CPU
		{CECD5854-D909-43B0-91FF-2A474DF8BB8A}.Debug|ARM.ActiveCfg = Debug|Any CPU
		{CECD5854-D909-43B0-91FF-2A474DF8BB8A}.Debug|ARM.Build.0 = Debug|Any CPU
		{CECD5854-D909-43B0-91FF-2A474DF8BB8A}.Debug|iPhone.ActiveCfg = Debug|Any CPU
		{CECD5854-D909-43B0-91FF-2A474DF8BB8A}.Debug|iPhone.Build.0 = Debug|Any CPU
		{CECD5854-D909-43B0-91FF-2A474DF8BB8A}.Debug|iPhoneSimulator.ActiveCfg = Debug|Any CPU
		{CECD5854-D909-43B0-91FF-2A474DF8BB8A}.Debug|iPhoneSimulator.Build.0 = Debug|Any CPU
		{CECD5854-D909-43B0-91FF-2A474DF8BB8A}.Debug|x64.ActiveCfg = Debug|Any CPU
		{CECD5854-D909-43B0-91FF-2A474DF8BB8A}.Debug|x64.Build.0 = Debug|Any CPU
		{CECD5854-D909-43B0-91FF-2A474DF8BB8A}.Debug|x86.ActiveCfg = Debug|Any CPU
		{CECD5854-D909-43B0-91FF-2A474DF8BB8A}.Debug|x86.Build.0 = Debug|Any CPU
		{CECD5854-D909-43B0-91FF-2A474DF8BB8A}.Release|Any CPU.ActiveCfg = Release|Any CPU
		{CECD5854-D909-43B0-91FF-2A474DF8BB8A}.Release|Any CPU.Build.0 = Release|Any CPU
		{CECD5854-D909-43B0-91FF-2A474DF8BB8A}.Release|ARM.ActiveCfg = Release|Any CPU
		{CECD5854-D909-43B0-91FF-2A474DF8BB8A}.Release|ARM.Build.0 = Release|Any CPU
		{CECD5854-D909-43B0-91FF-2A474DF8BB8A}.Release|iPhone.ActiveCfg = Release|Any CPU
		{CECD5854-D909-43B0-91FF-2A474DF8BB8A}.Release|iPhone.Build.0 = Release|Any CPU
		{CECD5854-D909-43B0-91FF-2A474DF8BB8A}.Release|iPhoneSimulator.ActiveCfg = Release|Any CPU
		{CECD5854-D909-43B0-91FF-2A474DF8BB8A}.Release|iPhoneSimulator.Build.0 = Release|Any CPU
		{CECD5854-D909-43B0-91FF-2A474DF8BB8A}.Release|x64.ActiveCfg = Release|Any CPU
		{CECD5854-D909-43B0-91FF-2A474DF8BB8A}.Release|x64.Build.0 = Release|Any CPU
		{CECD5854-D909-43B0-91FF-2A474DF8BB8A}.Release|x86.ActiveCfg = Release|Any CPU
		{CECD5854-D909-43B0-91FF-2A474DF8BB8A}.Release|x86.Build.0 = Release|Any CPU
		{1D8544F8-5955-46C5-BED5-1C3C9520A4D8}.Debug|Any CPU.ActiveCfg = Debug|Any CPU
		{1D8544F8-5955-46C5-BED5-1C3C9520A4D8}.Debug|Any CPU.Build.0 = Debug|Any CPU
		{1D8544F8-5955-46C5-BED5-1C3C9520A4D8}.Debug|ARM.ActiveCfg = Debug|Any CPU
		{1D8544F8-5955-46C5-BED5-1C3C9520A4D8}.Debug|ARM.Build.0 = Debug|Any CPU
		{1D8544F8-5955-46C5-BED5-1C3C9520A4D8}.Debug|iPhone.ActiveCfg = Debug|Any CPU
		{1D8544F8-5955-46C5-BED5-1C3C9520A4D8}.Debug|iPhone.Build.0 = Debug|Any CPU
		{1D8544F8-5955-46C5-BED5-1C3C9520A4D8}.Debug|iPhoneSimulator.ActiveCfg = Debug|Any CPU
		{1D8544F8-5955-46C5-BED5-1C3C9520A4D8}.Debug|iPhoneSimulator.Build.0 = Debug|Any CPU
		{1D8544F8-5955-46C5-BED5-1C3C9520A4D8}.Debug|x64.ActiveCfg = Debug|Any CPU
		{1D8544F8-5955-46C5-BED5-1C3C9520A4D8}.Debug|x64.Build.0 = Debug|Any CPU
		{1D8544F8-5955-46C5-BED5-1C3C9520A4D8}.Debug|x86.ActiveCfg = Debug|Any CPU
		{1D8544F8-5955-46C5-BED5-1C3C9520A4D8}.Debug|x86.Build.0 = Debug|Any CPU
		{1D8544F8-5955-46C5-BED5-1C3C9520A4D8}.Release|Any CPU.ActiveCfg = Release|Any CPU
		{1D8544F8-5955-46C5-BED5-1C3C9520A4D8}.Release|Any CPU.Build.0 = Release|Any CPU
		{1D8544F8-5955-46C5-BED5-1C3C9520A4D8}.Release|ARM.ActiveCfg = Release|Any CPU
		{1D8544F8-5955-46C5-BED5-1C3C9520A4D8}.Release|ARM.Build.0 = Release|Any CPU
		{1D8544F8-5955-46C5-BED5-1C3C9520A4D8}.Release|iPhone.ActiveCfg = Release|Any CPU
		{1D8544F8-5955-46C5-BED5-1C3C9520A4D8}.Release|iPhone.Build.0 = Release|Any CPU
		{1D8544F8-5955-46C5-BED5-1C3C9520A4D8}.Release|iPhoneSimulator.ActiveCfg = Release|Any CPU
		{1D8544F8-5955-46C5-BED5-1C3C9520A4D8}.Release|iPhoneSimulator.Build.0 = Release|Any CPU
		{1D8544F8-5955-46C5-BED5-1C3C9520A4D8}.Release|x64.ActiveCfg = Release|Any CPU
		{1D8544F8-5955-46C5-BED5-1C3C9520A4D8}.Release|x64.Build.0 = Release|Any CPU
		{1D8544F8-5955-46C5-BED5-1C3C9520A4D8}.Release|x86.ActiveCfg = Release|Any CPU
		{1D8544F8-5955-46C5-BED5-1C3C9520A4D8}.Release|x86.Build.0 = Release|Any CPU
		{66ECFCBF-4973-450C-8FA5-97E65AF3DD28}.Debug|Any CPU.ActiveCfg = Debug|iPhone
		{66ECFCBF-4973-450C-8FA5-97E65AF3DD28}.Debug|Any CPU.Build.0 = Debug|iPhone
		{66ECFCBF-4973-450C-8FA5-97E65AF3DD28}.Debug|ARM.ActiveCfg = Debug|iPhone
		{66ECFCBF-4973-450C-8FA5-97E65AF3DD28}.Debug|iPhone.ActiveCfg = Debug|iPhone
		{66ECFCBF-4973-450C-8FA5-97E65AF3DD28}.Debug|iPhone.Build.0 = Debug|iPhone
		{66ECFCBF-4973-450C-8FA5-97E65AF3DD28}.Debug|iPhoneSimulator.ActiveCfg = Debug|iPhoneSimulator
		{66ECFCBF-4973-450C-8FA5-97E65AF3DD28}.Debug|iPhoneSimulator.Build.0 = Debug|iPhoneSimulator
		{66ECFCBF-4973-450C-8FA5-97E65AF3DD28}.Debug|x64.ActiveCfg = Debug|iPhone
		{66ECFCBF-4973-450C-8FA5-97E65AF3DD28}.Debug|x86.ActiveCfg = Debug|iPhone
		{66ECFCBF-4973-450C-8FA5-97E65AF3DD28}.Release|Any CPU.ActiveCfg = Release|iPhone
		{66ECFCBF-4973-450C-8FA5-97E65AF3DD28}.Release|ARM.ActiveCfg = Release|iPhone
		{66ECFCBF-4973-450C-8FA5-97E65AF3DD28}.Release|iPhone.ActiveCfg = Release|iPhone
		{66ECFCBF-4973-450C-8FA5-97E65AF3DD28}.Release|iPhone.Build.0 = Release|iPhone
		{66ECFCBF-4973-450C-8FA5-97E65AF3DD28}.Release|iPhoneSimulator.ActiveCfg = Release|iPhoneSimulator
		{66ECFCBF-4973-450C-8FA5-97E65AF3DD28}.Release|iPhoneSimulator.Build.0 = Release|iPhoneSimulator
		{66ECFCBF-4973-450C-8FA5-97E65AF3DD28}.Release|x64.ActiveCfg = Release|iPhone
		{66ECFCBF-4973-450C-8FA5-97E65AF3DD28}.Release|x86.ActiveCfg = Release|iPhone
		{329542CE-B99F-4E76-B72D-8B2D0472633A}.Debug|Any CPU.ActiveCfg = Debug|x86
		{329542CE-B99F-4E76-B72D-8B2D0472633A}.Debug|Any CPU.Build.0 = Debug|x86
		{329542CE-B99F-4E76-B72D-8B2D0472633A}.Debug|ARM.ActiveCfg = Debug|ARM
		{329542CE-B99F-4E76-B72D-8B2D0472633A}.Debug|ARM.Build.0 = Debug|ARM
		{329542CE-B99F-4E76-B72D-8B2D0472633A}.Debug|ARM.Deploy.0 = Debug|ARM
		{329542CE-B99F-4E76-B72D-8B2D0472633A}.Debug|iPhone.ActiveCfg = Debug|x86
		{329542CE-B99F-4E76-B72D-8B2D0472633A}.Debug|iPhoneSimulator.ActiveCfg = Debug|x86
		{329542CE-B99F-4E76-B72D-8B2D0472633A}.Debug|x64.ActiveCfg = Debug|x64
		{329542CE-B99F-4E76-B72D-8B2D0472633A}.Debug|x64.Build.0 = Debug|x64
		{329542CE-B99F-4E76-B72D-8B2D0472633A}.Debug|x64.Deploy.0 = Debug|x64
		{329542CE-B99F-4E76-B72D-8B2D0472633A}.Debug|x86.ActiveCfg = Debug|x86
		{329542CE-B99F-4E76-B72D-8B2D0472633A}.Debug|x86.Build.0 = Debug|x86
		{329542CE-B99F-4E76-B72D-8B2D0472633A}.Debug|x86.Deploy.0 = Debug|x86
		{329542CE-B99F-4E76-B72D-8B2D0472633A}.Release|Any CPU.ActiveCfg = Release|x86
		{329542CE-B99F-4E76-B72D-8B2D0472633A}.Release|ARM.ActiveCfg = Release|ARM
		{329542CE-B99F-4E76-B72D-8B2D0472633A}.Release|ARM.Build.0 = Release|ARM
		{329542CE-B99F-4E76-B72D-8B2D0472633A}.Release|ARM.Deploy.0 = Release|ARM
		{329542CE-B99F-4E76-B72D-8B2D0472633A}.Release|iPhone.ActiveCfg = Release|x86
		{329542CE-B99F-4E76-B72D-8B2D0472633A}.Release|iPhoneSimulator.ActiveCfg = Release|x86
		{329542CE-B99F-4E76-B72D-8B2D0472633A}.Release|x64.ActiveCfg = Release|x64
		{329542CE-B99F-4E76-B72D-8B2D0472633A}.Release|x64.Build.0 = Release|x64
		{329542CE-B99F-4E76-B72D-8B2D0472633A}.Release|x64.Deploy.0 = Release|x64
		{329542CE-B99F-4E76-B72D-8B2D0472633A}.Release|x86.ActiveCfg = Release|x86
		{329542CE-B99F-4E76-B72D-8B2D0472633A}.Release|x86.Build.0 = Release|x86
		{329542CE-B99F-4E76-B72D-8B2D0472633A}.Release|x86.Deploy.0 = Release|x86
	EndGlobalSection
	GlobalSection(SolutionProperties) = preSolution
		HideSolutionNode = FALSE
	EndGlobalSection
	GlobalSection(ExtensibilityGlobals) = postSolution
		SolutionGuid = {C8C021F6-0481-42F5-9649-3572FDBBF3B7}
	EndGlobalSection
EndGlobal
